
Microsoft Visual Studio Solution File, Format Version 12.00
# Visual Studio 14
VisualStudioVersion = 14.0.25420.1
MinimumVisualStudioVersion = 10.0.40219.1
Project("{FAE04EC0-301F-11D3-BF4B-00C04F79EFBC}") = "CherrySeed", "CherrySeed\CherrySeed.csproj", "{F40A4D24-2E1D-4C23-9C06-E22C11C43A3C}"
EndProject
Project("{2150E333-8FDC-42A3-9474-1A3956D46DE8}") = "Repositories", "Repositories", "{5451FEF9-3527-4CD7-A4C1-2325A12AF6D9}"
EndProject
Project("{FAE04EC0-301F-11D3-BF4B-00C04F79EFBC}") = "Repositories.Ef", "Repositories.Ef\Repositories.Ef.csproj", "{BB9996EC-F815-4AA3-B83A-17BAFA66D690}"
EndProject
Project("{FAE04EC0-301F-11D3-BF4B-00C04F79EFBC}") = "CherrySeed.Test", "CherrySeed.Test\CherrySeed.Test.csproj", "{2EE25DC0-D03C-4433-97E3-0704139C63F9}"
EndProject
Project("{2150E333-8FDC-42A3-9474-1A3956D46DE8}") = "DataProviders", "DataProviders", "{8FD43350-6005-43EF-8AB0-B18065191494}"
EndProject
Project("{FAE04EC0-301F-11D3-BF4B-00C04F79EFBC}") = "DataProviders.Csv", "DataProviders.Csv\DataProviders.Csv.csproj", "{D918620A-A15D-4AE2-A416-5A55BB189CD4}"
EndProject
Project("{FAE04EC0-301F-11D3-BF4B-00C04F79EFBC}") = "DataProviders.Csv.Test", "DataProviders.Csv.Test\DataProviders.Csv.Test.csproj", "{0FA87C7F-BA21-46E0-914E-A0712479731A}"
EndProject
Project("{FAE04EC0-301F-11D3-BF4B-00C04F79EFBC}") = "Repositories.Ef.Test", "Repositories.Ef.Test\Repositories.Ef.Test.csproj", "{582E1BA4-BF43-4174-9315-3556EE3059E2}"
EndProject
Global
	GlobalSection(SolutionConfigurationPlatforms) = preSolution
		Debug|Any CPU = Debug|Any CPU
		Release|Any CPU = Release|Any CPU
	EndGlobalSection
	GlobalSection(ProjectConfigurationPlatforms) = postSolution
		{F40A4D24-2E1D-4C23-9C06-E22C11C43A3C}.Debug|Any CPU.ActiveCfg = Debug|Any CPU
		{F40A4D24-2E1D-4C23-9C06-E22C11C43A3C}.Debug|Any CPU.Build.0 = Debug|Any CPU
		{F40A4D24-2E1D-4C23-9C06-E22C11C43A3C}.Release|Any CPU.ActiveCfg = Release|Any CPU
		{F40A4D24-2E1D-4C23-9C06-E22C11C43A3C}.Release|Any CPU.Build.0 = Release|Any CPU
		{BB9996EC-F815-4AA3-B83A-17BAFA66D690}.Debug|Any CPU.ActiveCfg = Debug|Any CPU
		{BB9996EC-F815-4AA3-B83A-17BAFA66D690}.Debug|Any CPU.Build.0 = Debug|Any CPU
		{BB9996EC-F815-4AA3-B83A-17BAFA66D690}.Release|Any CPU.ActiveCfg = Release|Any CPU
		{BB9996EC-F815-4AA3-B83A-17BAFA66D690}.Release|Any CPU.Build.0 = Release|Any CPU
		{2EE25DC0-D03C-4433-97E3-0704139C63F9}.Debug|Any CPU.ActiveCfg = Debug|Any CPU
		{2EE25DC0-D03C-4433-97E3-0704139C63F9}.Debug|Any CPU.Build.0 = Debug|Any CPU
		{2EE25DC0-D03C-4433-97E3-0704139C63F9}.Release|Any CPU.ActiveCfg = Release|Any CPU
		{2EE25DC0-D03C-4433-97E3-0704139C63F9}.Release|Any CPU.Build.0 = Release|Any CPU
		{D918620A-A15D-4AE2-A416-5A55BB189CD4}.Debug|Any CPU.ActiveCfg = Debug|Any CPU
		{D918620A-A15D-4AE2-A416-5A55BB189CD4}.Debug|Any CPU.Build.0 = Debug|Any CPU
		{D918620A-A15D-4AE2-A416-5A55BB189CD4}.Release|Any CPU.ActiveCfg = Release|Any CPU
		{D918620A-A15D-4AE2-A416-5A55BB189CD4}.Release|Any CPU.Build.0 = Release|Any CPU
		{0FA87C7F-BA21-46E0-914E-A0712479731A}.Debug|Any CPU.ActiveCfg = Debug|Any CPU
		{0FA87C7F-BA21-46E0-914E-A0712479731A}.Debug|Any CPU.Build.0 = Debug|Any CPU
		{0FA87C7F-BA21-46E0-914E-A0712479731A}.Release|Any CPU.ActiveCfg = Release|Any CPU
		{0FA87C7F-BA21-46E0-914E-A0712479731A}.Release|Any CPU.Build.0 = Release|Any CPU
		{582E1BA4-BF43-4174-9315-3556EE3059E2}.Debug|Any CPU.ActiveCfg = Debug|Any CPU
		{582E1BA4-BF43-4174-9315-3556EE3059E2}.Debug|Any CPU.Build.0 = Debug|Any CPU
		{582E1BA4-BF43-4174-9315-3556EE3059E2}.Release|Any CPU.ActiveCfg = Release|Any CPU
		{582E1BA4-BF43-4174-9315-3556EE3059E2}.Release|Any CPU.Build.0 = Release|Any CPU
	EndGlobalSection
	GlobalSection(SolutionProperties) = preSolution
		HideSolutionNode = FALSE
	EndGlobalSection
	GlobalSection(NestedProjects) = preSolution
		{BB9996EC-F815-4AA3-B83A-17BAFA66D690} = {5451FEF9-3527-4CD7-A4C1-2325A12AF6D9}
		{D918620A-A15D-4AE2-A416-5A55BB189CD4} = {8FD43350-6005-43EF-8AB0-B18065191494}
		{0FA87C7F-BA21-46E0-914E-A0712479731A} = {8FD43350-6005-43EF-8AB0-B18065191494}
		{582E1BA4-BF43-4174-9315-3556EE3059E2} = {5451FEF9-3527-4CD7-A4C1-2325A12AF6D9}
	EndGlobalSection
EndGlobal
